
Microsoft Visual Studio Solution File, Format Version 12.00
# Visual Studio Version 17
VisualStudioVersion = 17.2.32616.157
MinimumVisualStudioVersion = 10.0.40219.1
Project("{2150E333-8FDC-42A3-9474-1A3956D46DE8}") = "src", "src", "{6830C59F-102F-4D18-AA09-47F98B6132CE}"
EndProject
Project("{2150E333-8FDC-42A3-9474-1A3956D46DE8}") = "Solution Items", "Solution Items", "{EAF61C40-3668-48ED-A40C-3FA8266FC942}"
	ProjectSection(SolutionItems) = preProject
		NuGet.config = NuGet.config
	EndProjectSection
EndProject
Project("{9A19103F-16F7-4668-BE54-9A1E7A4F7556}") = "Sail.Kubernetes.Protocol", "src\Kubernetes.Protocol\Sail.Kubernetes.Protocol.csproj", "{57DB41E4-D200-4369-83C8-3C20CBAA90C0}"
EndProject
Project("{9A19103F-16F7-4668-BE54-9A1E7A4F7556}") = "Sail.Proxy", "src\Sail.Proxy\Sail.Proxy.csproj", "{7A242D91-F4F0-4D71-AF34-21E020FDD60E}"
EndProject
Project("{9A19103F-16F7-4668-BE54-9A1E7A4F7556}") = "Sail.Kubernetes.Controller", "src\Kubernetes.Controller\Sail.Kubernetes.Controller.csproj", "{B3F46BD3-7034-4C71-A611-5BFC21C131A3}"
EndProject
Project("{2150E333-8FDC-42A3-9474-1A3956D46DE8}") = "samples", "samples", "{479AB920-CA34-486E-B44E-48BE16F05C1F}"
EndProject
Project("{FAE04EC0-301F-11D3-BF4B-00C04F79EFBC}") = "BasicYarpSample", "samples\BasicYarpSample\BasicYarpSample.csproj", "{6D7088C2-197B-447E-9157-EAF7C6DB4EA8}"
EndProject
Project("{2150E333-8FDC-42A3-9474-1A3956D46DE8}") = "packages", "packages", "{02385216-A501-4256-9A2F-1215D1E9C190}"
EndProject
Project("{2150E333-8FDC-42A3-9474-1A3956D46DE8}") = "OperatorFramework", "OperatorFramework", "{86F6B954-4D7F-4A90-88D0-BF77DFACAFF5}"
EndProject
Project("{2150E333-8FDC-42A3-9474-1A3956D46DE8}") = "ReverseProxy", "ReverseProxy", "{6AF7092C-2B46-4B8F-833B-80DEDCA533C8}"
EndProject
Project("{FAE04EC0-301F-11D3-BF4B-00C04F79EFBC}") = "Yarp.ReverseProxy", "packages\ReverseProxy\Yarp.ReverseProxy\Yarp.ReverseProxy.csproj", "{1166CA28-D400-4D91-982A-375F806B72CD}"
EndProject
Project("{2150E333-8FDC-42A3-9474-1A3956D46DE8}") = "src", "src", "{7E6953BC-7A8A-4C2B-9899-4CB28DC8CD43}"
EndProject
Project("{FAE04EC0-301F-11D3-BF4B-00C04F79EFBC}") = "Microsoft.Kubernetes.Controller", "packages\OperatorFramework\src\Controller\Microsoft.Kubernetes.Controller.csproj", "{3B0F25B0-DD2B-467B-A897-FE93CD2754A7}"
EndProject
Project("{FAE04EC0-301F-11D3-BF4B-00C04F79EFBC}") = "Microsoft.Kubernetes.Core", "packages\OperatorFramework\src\Core\Microsoft.Kubernetes.Core.csproj", "{642B6992-0940-4B6A-97CF-82194CAAF4BD}"
EndProject
Project("{FAE04EC0-301F-11D3-BF4B-00C04F79EFBC}") = "Microsoft.Kubernetes.CustomResources", "packages\OperatorFramework\src\CustomResource\Microsoft.Kubernetes.CustomResources.csproj", "{361DC8FD-399E-4EE8-8CC0-7C455F361F2D}"
EndProject
Project("{FAE04EC0-301F-11D3-BF4B-00C04F79EFBC}") = "Microsoft.Kubernetes.Operator", "packages\OperatorFramework\src\Operator\Microsoft.Kubernetes.Operator.csproj", "{8A699685-8A51-467A-B4C5-2EA6FA13BDED}"
EndProject
Project("{FAE04EC0-301F-11D3-BF4B-00C04F79EFBC}") = "Microsoft.Kubernetes.ResourceKinds.OpenApi", "packages\OperatorFramework\src\ResourceKinds.OpenApi\Microsoft.Kubernetes.ResourceKinds.OpenApi.csproj", "{C8BD7A5B-42D3-4056-A10E-4E672448FFAF}"
EndProject
Project("{FAE04EC0-301F-11D3-BF4B-00C04F79EFBC}") = "Microsoft.Kubernetes.Testing", "packages\OperatorFramework\src\Testing\Microsoft.Kubernetes.Testing.csproj", "{84145EAD-B4A5-460D-A696-F6DDF8574D04}"
EndProject
Project("{FAE04EC0-301F-11D3-BF4B-00C04F79EFBC}") = "GrpcSample", "samples\GrpcSample\GrpcSample.csproj", "{B364C68E-3761-455F-9224-CB3DADFB5ADC}"
EndProject
Project("{FAE04EC0-301F-11D3-BF4B-00C04F79EFBC}") = "Sail.Metrics.Prometheus", "src\Sail.Metrics.Prometheus\Sail.Metrics.Prometheus.csproj", "{3FDCF065-8A23-4D39-AB9E-64715EF14D69}"
EndProject
Global
	GlobalSection(SolutionConfigurationPlatforms) = preSolution
		Debug|Any CPU = Debug|Any CPU
		Release|Any CPU = Release|Any CPU
	EndGlobalSection
	GlobalSection(ProjectConfigurationPlatforms) = postSolution
		{57DB41E4-D200-4369-83C8-3C20CBAA90C0}.Debug|Any CPU.ActiveCfg = Debug|Any CPU
		{57DB41E4-D200-4369-83C8-3C20CBAA90C0}.Debug|Any CPU.Build.0 = Debug|Any CPU
		{57DB41E4-D200-4369-83C8-3C20CBAA90C0}.Release|Any CPU.ActiveCfg = Release|Any CPU
		{57DB41E4-D200-4369-83C8-3C20CBAA90C0}.Release|Any CPU.Build.0 = Release|Any CPU
		{7A242D91-F4F0-4D71-AF34-21E020FDD60E}.Debug|Any CPU.ActiveCfg = Debug|Any CPU
		{7A242D91-F4F0-4D71-AF34-21E020FDD60E}.Debug|Any CPU.Build.0 = Debug|Any CPU
		{7A242D91-F4F0-4D71-AF34-21E020FDD60E}.Release|Any CPU.ActiveCfg = Release|Any CPU
		{7A242D91-F4F0-4D71-AF34-21E020FDD60E}.Release|Any CPU.Build.0 = Release|Any CPU
		{B3F46BD3-7034-4C71-A611-5BFC21C131A3}.Debug|Any CPU.ActiveCfg = Debug|Any CPU
		{B3F46BD3-7034-4C71-A611-5BFC21C131A3}.Debug|Any CPU.Build.0 = Debug|Any CPU
		{B3F46BD3-7034-4C71-A611-5BFC21C131A3}.Release|Any CPU.ActiveCfg = Release|Any CPU
		{B3F46BD3-7034-4C71-A611-5BFC21C131A3}.Release|Any CPU.Build.0 = Release|Any CPU
		{6D7088C2-197B-447E-9157-EAF7C6DB4EA8}.Debug|Any CPU.ActiveCfg = Debug|Any CPU
		{6D7088C2-197B-447E-9157-EAF7C6DB4EA8}.Debug|Any CPU.Build.0 = Debug|Any CPU
		{6D7088C2-197B-447E-9157-EAF7C6DB4EA8}.Release|Any CPU.ActiveCfg = Release|Any CPU
		{6D7088C2-197B-447E-9157-EAF7C6DB4EA8}.Release|Any CPU.Build.0 = Release|Any CPU
		{1166CA28-D400-4D91-982A-375F806B72CD}.Debug|Any CPU.ActiveCfg = Debug|Any CPU
		{1166CA28-D400-4D91-982A-375F806B72CD}.Debug|Any CPU.Build.0 = Debug|Any CPU
		{1166CA28-D400-4D91-982A-375F806B72CD}.Release|Any CPU.ActiveCfg = Release|Any CPU
		{1166CA28-D400-4D91-982A-375F806B72CD}.Release|Any CPU.Build.0 = Release|Any CPU
		{3B0F25B0-DD2B-467B-A897-FE93CD2754A7}.Debug|Any CPU.ActiveCfg = Debug|Any CPU
		{3B0F25B0-DD2B-467B-A897-FE93CD2754A7}.Debug|Any CPU.Build.0 = Debug|Any CPU
		{3B0F25B0-DD2B-467B-A897-FE93CD2754A7}.Release|Any CPU.ActiveCfg = Release|Any CPU
		{3B0F25B0-DD2B-467B-A897-FE93CD2754A7}.Release|Any CPU.Build.0 = Release|Any CPU
		{642B6992-0940-4B6A-97CF-82194CAAF4BD}.Debug|Any CPU.ActiveCfg = Debug|Any CPU
		{642B6992-0940-4B6A-97CF-82194CAAF4BD}.Debug|Any CPU.Build.0 = Debug|Any CPU
		{642B6992-0940-4B6A-97CF-82194CAAF4BD}.Release|Any CPU.ActiveCfg = Release|Any CPU
		{642B6992-0940-4B6A-97CF-82194CAAF4BD}.Release|Any CPU.Build.0 = Release|Any CPU
		{361DC8FD-399E-4EE8-8CC0-7C455F361F2D}.Debug|Any CPU.ActiveCfg = Debug|Any CPU
		{361DC8FD-399E-4EE8-8CC0-7C455F361F2D}.Debug|Any CPU.Build.0 = Debug|Any CPU
		{361DC8FD-399E-4EE8-8CC0-7C455F361F2D}.Release|Any CPU.ActiveCfg = Release|Any CPU
		{361DC8FD-399E-4EE8-8CC0-7C455F361F2D}.Release|Any CPU.Build.0 = Release|Any CPU
		{8A699685-8A51-467A-B4C5-2EA6FA13BDED}.Debug|Any CPU.ActiveCfg = Debug|Any CPU
		{8A699685-8A51-467A-B4C5-2EA6FA13BDED}.Debug|Any CPU.Build.0 = Debug|Any CPU
		{8A699685-8A51-467A-B4C5-2EA6FA13BDED}.Release|Any CPU.ActiveCfg = Release|Any CPU
		{8A699685-8A51-467A-B4C5-2EA6FA13BDED}.Release|Any CPU.Build.0 = Release|Any CPU
		{C8BD7A5B-42D3-4056-A10E-4E672448FFAF}.Debug|Any CPU.ActiveCfg = Debug|Any CPU
		{C8BD7A5B-42D3-4056-A10E-4E672448FFAF}.Debug|Any CPU.Build.0 = Debug|Any CPU
		{C8BD7A5B-42D3-4056-A10E-4E672448FFAF}.Release|Any CPU.ActiveCfg = Release|Any CPU
		{C8BD7A5B-42D3-4056-A10E-4E672448FFAF}.Release|Any CPU.Build.0 = Release|Any CPU
		{84145EAD-B4A5-460D-A696-F6DDF8574D04}.Debug|Any CPU.ActiveCfg = Debug|Any CPU
		{84145EAD-B4A5-460D-A696-F6DDF8574D04}.Debug|Any CPU.Build.0 = Debug|Any CPU
		{84145EAD-B4A5-460D-A696-F6DDF8574D04}.Release|Any CPU.ActiveCfg = Release|Any CPU
		{84145EAD-B4A5-460D-A696-F6DDF8574D04}.Release|Any CPU.Build.0 = Release|Any CPU
		{B364C68E-3761-455F-9224-CB3DADFB5ADC}.Debug|Any CPU.ActiveCfg = Debug|Any CPU
		{B364C68E-3761-455F-9224-CB3DADFB5ADC}.Debug|Any CPU.Build.0 = Debug|Any CPU
		{B364C68E-3761-455F-9224-CB3DADFB5ADC}.Release|Any CPU.ActiveCfg = Release|Any CPU
		{B364C68E-3761-455F-9224-CB3DADFB5ADC}.Release|Any CPU.Build.0 = Release|Any CPU
		{3FDCF065-8A23-4D39-AB9E-64715EF14D69}.Debug|Any CPU.ActiveCfg = Debug|Any CPU
		{3FDCF065-8A23-4D39-AB9E-64715EF14D69}.Debug|Any CPU.Build.0 = Debug|Any CPU
		{3FDCF065-8A23-4D39-AB9E-64715EF14D69}.Release|Any CPU.ActiveCfg = Release|Any CPU
		{3FDCF065-8A23-4D39-AB9E-64715EF14D69}.Release|Any CPU.Build.0 = Release|Any CPU
	EndGlobalSection
	GlobalSection(SolutionProperties) = preSolution
		HideSolutionNode = FALSE
	EndGlobalSection
	GlobalSection(NestedProjects) = preSolution
		{57DB41E4-D200-4369-83C8-3C20CBAA90C0} = {6830C59F-102F-4D18-AA09-47F98B6132CE}
		{7A242D91-F4F0-4D71-AF34-21E020FDD60E} = {6830C59F-102F-4D18-AA09-47F98B6132CE}
		{B3F46BD3-7034-4C71-A611-5BFC21C131A3} = {6830C59F-102F-4D18-AA09-47F98B6132CE}
		{6D7088C2-197B-447E-9157-EAF7C6DB4EA8} = {479AB920-CA34-486E-B44E-48BE16F05C1F}
		{86F6B954-4D7F-4A90-88D0-BF77DFACAFF5} = {02385216-A501-4256-9A2F-1215D1E9C190}
		{6AF7092C-2B46-4B8F-833B-80DEDCA533C8} = {02385216-A501-4256-9A2F-1215D1E9C190}
		{1166CA28-D400-4D91-982A-375F806B72CD} = {6AF7092C-2B46-4B8F-833B-80DEDCA533C8}
		{7E6953BC-7A8A-4C2B-9899-4CB28DC8CD43} = {86F6B954-4D7F-4A90-88D0-BF77DFACAFF5}
		{3B0F25B0-DD2B-467B-A897-FE93CD2754A7} = {7E6953BC-7A8A-4C2B-9899-4CB28DC8CD43}
		{642B6992-0940-4B6A-97CF-82194CAAF4BD} = {7E6953BC-7A8A-4C2B-9899-4CB28DC8CD43}
		{361DC8FD-399E-4EE8-8CC0-7C455F361F2D} = {7E6953BC-7A8A-4C2B-9899-4CB28DC8CD43}
		{8A699685-8A51-467A-B4C5-2EA6FA13BDED} = {7E6953BC-7A8A-4C2B-9899-4CB28DC8CD43}
		{C8BD7A5B-42D3-4056-A10E-4E672448FFAF} = {7E6953BC-7A8A-4C2B-9899-4CB28DC8CD43}
		{84145EAD-B4A5-460D-A696-F6DDF8574D04} = {7E6953BC-7A8A-4C2B-9899-4CB28DC8CD43}
		{B364C68E-3761-455F-9224-CB3DADFB5ADC} = {479AB920-CA34-486E-B44E-48BE16F05C1F}
		{3FDCF065-8A23-4D39-AB9E-64715EF14D69} = {6830C59F-102F-4D18-AA09-47F98B6132CE}
	EndGlobalSection
	GlobalSection(ExtensibilityGlobals) = postSolution
		SolutionGuid = {B3C84937-2943-40FB-8932-9C0FB17E72F4}
	EndGlobalSection
EndGlobal
