
Microsoft Visual Studio Solution File, Format Version 12.00
# Visual Studio Version 17
VisualStudioVersion = 17.3.32825.248
MinimumVisualStudioVersion = 10.0.40219.1
Project("{2150E333-8FDC-42A3-9474-1A3956D46DE8}") = "src", "src", "{8BDFE8C0-566B-4144-9A2B-4A5CC7E1A302}"
EndProject
Project("{2150E333-8FDC-42A3-9474-1A3956D46DE8}") = "test", "test", "{6537FCC9-42AF-49FB-B07B-C9709304D12C}"
EndProject
Project("{FAE04EC0-301F-11D3-BF4B-00C04F79EFBC}") = "Microsoft.Kubernetes.Controller", "src\Controller\Microsoft.Kubernetes.Controller.csproj", "{6391B85D-D4DC-496D-A0DB-D7FC7DC640E0}"
EndProject
Project("{FAE04EC0-301F-11D3-BF4B-00C04F79EFBC}") = "Microsoft.Kubernetes.Core", "src\Core\Microsoft.Kubernetes.Core.csproj", "{423B9EC3-B221-47E7-8702-87CF56FCEC99}"
EndProject
Project("{FAE04EC0-301F-11D3-BF4B-00C04F79EFBC}") = "Microsoft.Kubernetes.CustomResources", "src\CustomResource\Microsoft.Kubernetes.CustomResources.csproj", "{F001024B-1D83-4037-A1EB-45D6F569A634}"
EndProject
Project("{FAE04EC0-301F-11D3-BF4B-00C04F79EFBC}") = "Microsoft.Kubernetes.Operator", "src\Operator\Microsoft.Kubernetes.Operator.csproj", "{702892D0-4899-48F5-81C0-F5CC69EB6824}"
EndProject
Project("{FAE04EC0-301F-11D3-BF4B-00C04F79EFBC}") = "Microsoft.Kubernetes.ResourceKinds.OpenApi", "src\ResourceKinds.OpenApi\Microsoft.Kubernetes.ResourceKinds.OpenApi.csproj", "{BCF33928-FF41-4E2A-A41F-1F80C1DBF3AD}"
EndProject
Project("{FAE04EC0-301F-11D3-BF4B-00C04F79EFBC}") = "Microsoft.Kubernetes.Testing", "src\Testing\Microsoft.Kubernetes.Testing.csproj", "{EFD6644B-7D2E-4092-90CC-6CE06FEC5DD9}"
EndProject
Project("{FAE04EC0-301F-11D3-BF4B-00C04F79EFBC}") = "Microsoft.Kubernetes.UnitTests", "test\UnitTests\Microsoft.Kubernetes.UnitTests.csproj", "{B019D439-088E-4401-AB69-4BAC3777A942}"
EndProject
Project("{FAE04EC0-301F-11D3-BF4B-00C04F79EFBC}") = "Microsoft.Kubernetes.Webhook", "src\Webhook\Microsoft.Kubernetes.Webhook.csproj", "{EE42FA73-0F87-4155-912C-3CBF9F36AE39}"
EndProject
Global
	GlobalSection(SolutionConfigurationPlatforms) = preSolution
		Debug|Any CPU = Debug|Any CPU
		Release|Any CPU = Release|Any CPU
	EndGlobalSection
	GlobalSection(ProjectConfigurationPlatforms) = postSolution
		{6391B85D-D4DC-496D-A0DB-D7FC7DC640E0}.Debug|Any CPU.ActiveCfg = Debug|Any CPU
		{6391B85D-D4DC-496D-A0DB-D7FC7DC640E0}.Debug|Any CPU.Build.0 = Debug|Any CPU
		{6391B85D-D4DC-496D-A0DB-D7FC7DC640E0}.Release|Any CPU.ActiveCfg = Release|Any CPU
		{6391B85D-D4DC-496D-A0DB-D7FC7DC640E0}.Release|Any CPU.Build.0 = Release|Any CPU
		{423B9EC3-B221-47E7-8702-87CF56FCEC99}.Debug|Any CPU.ActiveCfg = Debug|Any CPU
		{423B9EC3-B221-47E7-8702-87CF56FCEC99}.Debug|Any CPU.Build.0 = Debug|Any CPU
		{423B9EC3-B221-47E7-8702-87CF56FCEC99}.Release|Any CPU.ActiveCfg = Release|Any CPU
		{423B9EC3-B221-47E7-8702-87CF56FCEC99}.Release|Any CPU.Build.0 = Release|Any CPU
		{F001024B-1D83-4037-A1EB-45D6F569A634}.Debug|Any CPU.ActiveCfg = Debug|Any CPU
		{F001024B-1D83-4037-A1EB-45D6F569A634}.Debug|Any CPU.Build.0 = Debug|Any CPU
		{F001024B-1D83-4037-A1EB-45D6F569A634}.Release|Any CPU.ActiveCfg = Release|Any CPU
		{F001024B-1D83-4037-A1EB-45D6F569A634}.Release|Any CPU.Build.0 = Release|Any CPU
		{702892D0-4899-48F5-81C0-F5CC69EB6824}.Debug|Any CPU.ActiveCfg = Debug|Any CPU
		{702892D0-4899-48F5-81C0-F5CC69EB6824}.Debug|Any CPU.Build.0 = Debug|Any CPU
		{702892D0-4899-48F5-81C0-F5CC69EB6824}.Release|Any CPU.ActiveCfg = Release|Any CPU
		{702892D0-4899-48F5-81C0-F5CC69EB6824}.Release|Any CPU.Build.0 = Release|Any CPU
		{BCF33928-FF41-4E2A-A41F-1F80C1DBF3AD}.Debug|Any CPU.ActiveCfg = Debug|Any CPU
		{BCF33928-FF41-4E2A-A41F-1F80C1DBF3AD}.Debug|Any CPU.Build.0 = Debug|Any CPU
		{BCF33928-FF41-4E2A-A41F-1F80C1DBF3AD}.Release|Any CPU.ActiveCfg = Release|Any CPU
		{BCF33928-FF41-4E2A-A41F-1F80C1DBF3AD}.Release|Any CPU.Build.0 = Release|Any CPU
		{EFD6644B-7D2E-4092-90CC-6CE06FEC5DD9}.Debug|Any CPU.ActiveCfg = Debug|Any CPU
		{EFD6644B-7D2E-4092-90CC-6CE06FEC5DD9}.Debug|Any CPU.Build.0 = Debug|Any CPU
		{EFD6644B-7D2E-4092-90CC-6CE06FEC5DD9}.Release|Any CPU.ActiveCfg = Release|Any CPU
		{EFD6644B-7D2E-4092-90CC-6CE06FEC5DD9}.Release|Any CPU.Build.0 = Release|Any CPU
		{B019D439-088E-4401-AB69-4BAC3777A942}.Debug|Any CPU.ActiveCfg = Debug|Any CPU
		{B019D439-088E-4401-AB69-4BAC3777A942}.Debug|Any CPU.Build.0 = Debug|Any CPU
		{B019D439-088E-4401-AB69-4BAC3777A942}.Release|Any CPU.ActiveCfg = Release|Any CPU
		{B019D439-088E-4401-AB69-4BAC3777A942}.Release|Any CPU.Build.0 = Release|Any CPU
		{EE42FA73-0F87-4155-912C-3CBF9F36AE39}.Debug|Any CPU.ActiveCfg = Debug|Any CPU
		{EE42FA73-0F87-4155-912C-3CBF9F36AE39}.Debug|Any CPU.Build.0 = Debug|Any CPU
		{EE42FA73-0F87-4155-912C-3CBF9F36AE39}.Release|Any CPU.ActiveCfg = Release|Any CPU
		{EE42FA73-0F87-4155-912C-3CBF9F36AE39}.Release|Any CPU.Build.0 = Release|Any CPU
	EndGlobalSection
	GlobalSection(SolutionProperties) = preSolution
		HideSolutionNode = FALSE
	EndGlobalSection
	GlobalSection(NestedProjects) = preSolution
		{6391B85D-D4DC-496D-A0DB-D7FC7DC640E0} = {8BDFE8C0-566B-4144-9A2B-4A5CC7E1A302}
		{423B9EC3-B221-47E7-8702-87CF56FCEC99} = {8BDFE8C0-566B-4144-9A2B-4A5CC7E1A302}
		{F001024B-1D83-4037-A1EB-45D6F569A634} = {8BDFE8C0-566B-4144-9A2B-4A5CC7E1A302}
		{702892D0-4899-48F5-81C0-F5CC69EB6824} = {8BDFE8C0-566B-4144-9A2B-4A5CC7E1A302}
		{BCF33928-FF41-4E2A-A41F-1F80C1DBF3AD} = {8BDFE8C0-566B-4144-9A2B-4A5CC7E1A302}
		{EFD6644B-7D2E-4092-90CC-6CE06FEC5DD9} = {8BDFE8C0-566B-4144-9A2B-4A5CC7E1A302}
		{B019D439-088E-4401-AB69-4BAC3777A942} = {6537FCC9-42AF-49FB-B07B-C9709304D12C}
		{EE42FA73-0F87-4155-912C-3CBF9F36AE39} = {8BDFE8C0-566B-4144-9A2B-4A5CC7E1A302}
	EndGlobalSection
	GlobalSection(ExtensibilityGlobals) = postSolution
		SolutionGuid = {C8026A3B-EED7-4638-ACA7-AF1CECC9C200}
	EndGlobalSection
EndGlobal
